
Microsoft Visual Studio Solution File, Format Version 12.00
# Visual Studio Version 17
VisualStudioVersion = 17.10.35013.160
MinimumVisualStudioVersion = 10.0.40219.1
Project("{FAE04EC0-301F-11D3-BF4B-00C04F79EFBC}") = "Task5", "Task5\Task5.csproj", "{2E367195-4D3F-49B8-8B30-14FFB698297E}"
EndProject
Project("{FAE04EC0-301F-11D3-BF4B-00C04F79EFBC}") = "MyArrayList", "MyArrayList\MyArrayList.csproj", "{3136556B-7E41-4FBE-8A9E-297F8D3BCF24}"
EndProject
Global
	GlobalSection(SolutionConfigurationPlatforms) = preSolution
		Debug|Any CPU = Debug|Any CPU
		Release|Any CPU = Release|Any CPU
	EndGlobalSection
	GlobalSection(ProjectConfigurationPlatforms) = postSolution
		{2E367195-4D3F-49B8-8B30-14FFB698297E}.Debug|Any CPU.ActiveCfg = Debug|Any CPU
		{2E367195-4D3F-49B8-8B30-14FFB698297E}.Debug|Any CPU.Build.0 = Debug|Any CPU
		{2E367195-4D3F-49B8-8B30-14FFB698297E}.Release|Any CPU.ActiveCfg = Release|Any CPU
		{2E367195-4D3F-49B8-8B30-14FFB698297E}.Release|Any CPU.Build.0 = Release|Any CPU
		{3136556B-7E41-4FBE-8A9E-297F8D3BCF24}.Debug|Any CPU.ActiveCfg = Debug|Any CPU
		{3136556B-7E41-4FBE-8A9E-297F8D3BCF24}.Debug|Any CPU.Build.0 = Debug|Any CPU
		{3136556B-7E41-4FBE-8A9E-297F8D3BCF24}.Release|Any CPU.ActiveCfg = Release|Any CPU
		{3136556B-7E41-4FBE-8A9E-297F8D3BCF24}.Release|Any CPU.Build.0 = Release|Any CPU
	EndGlobalSection
	GlobalSection(SolutionProperties) = preSolution
		HideSolutionNode = FALSE
	EndGlobalSection
	GlobalSection(ExtensibilityGlobals) = postSolution
		SolutionGuid = {FD1F4E37-F9AA-45C3-9629-A9E65CECFD95}
	EndGlobalSection
EndGlobal
